
Microsoft Visual Studio Solution File, Format Version 12.00
# Visual Studio Version 17
VisualStudioVersion = 17.0.31903.59
MinimumVisualStudioVersion = 10.0.40219.1
Project("{2150E333-8FDC-42A3-9474-1A3956D46DE8}") = "src", "src", "{93D1DC1D-1649-4190-BF4F-DE9878111E19}"
EndProject
Project("{2150E333-8FDC-42A3-9474-1A3956D46DE8}") = "tests", "tests", "{70478AF9-A0D1-4BFA-AFB8-045A3C1ECE1D}"
EndProject
Project("{FAE04EC0-301F-11D3-BF4B-00C04F79EFBC}") = "AuctionProject.API", "src\AuctionProject.API\AuctionProject.API.csproj", "{1DC89ABE-9F3F-41E6-B321-F08D27E6993D}"
EndProject
Project("{FAE04EC0-301F-11D3-BF4B-00C04F79EFBC}") = "UseCases.Test", "tests\UseCases.Test\UseCases.Test.csproj", "{4D7A5828-E618-4658-A635-21B09D351AE5}"
EndProject
Global
	GlobalSection(SolutionConfigurationPlatforms) = preSolution
		Debug|Any CPU = Debug|Any CPU
		Release|Any CPU = Release|Any CPU
	EndGlobalSection
	GlobalSection(SolutionProperties) = preSolution
		HideSolutionNode = FALSE
	EndGlobalSection
	GlobalSection(ProjectConfigurationPlatforms) = postSolution
		{1DC89ABE-9F3F-41E6-B321-F08D27E6993D}.Debug|Any CPU.ActiveCfg = Debug|Any CPU
		{1DC89ABE-9F3F-41E6-B321-F08D27E6993D}.Debug|Any CPU.Build.0 = Debug|Any CPU
		{1DC89ABE-9F3F-41E6-B321-F08D27E6993D}.Release|Any CPU.ActiveCfg = Release|Any CPU
		{1DC89ABE-9F3F-41E6-B321-F08D27E6993D}.Release|Any CPU.Build.0 = Release|Any CPU
		{4D7A5828-E618-4658-A635-21B09D351AE5}.Debug|Any CPU.ActiveCfg = Debug|Any CPU
		{4D7A5828-E618-4658-A635-21B09D351AE5}.Debug|Any CPU.Build.0 = Debug|Any CPU
		{4D7A5828-E618-4658-A635-21B09D351AE5}.Release|Any CPU.ActiveCfg = Release|Any CPU
		{4D7A5828-E618-4658-A635-21B09D351AE5}.Release|Any CPU.Build.0 = Release|Any CPU
	EndGlobalSection
	GlobalSection(NestedProjects) = preSolution
		{1DC89ABE-9F3F-41E6-B321-F08D27E6993D} = {93D1DC1D-1649-4190-BF4F-DE9878111E19}
		{4D7A5828-E618-4658-A635-21B09D351AE5} = {70478AF9-A0D1-4BFA-AFB8-045A3C1ECE1D}
	EndGlobalSection
EndGlobal
